
Microsoft Visual Studio Solution File, Format Version 12.00
# Visual Studio Version 16
VisualStudioVersion = 16.0.30804.86
MinimumVisualStudioVersion = 10.0.40219.1
Project("{FAE04EC0-301F-11D3-BF4B-00C04F79EFBC}") = "WebSuma", "WebSuma\WebSuma.csproj", "{4F35B49D-2E6E-4D28-8BFD-36F0C566ECBA}"
EndProject
Global
	GlobalSection(SolutionConfigurationPlatforms) = preSolution
		Debug|Any CPU = Debug|Any CPU
		Release|Any CPU = Release|Any CPU
	EndGlobalSection
	GlobalSection(ProjectConfigurationPlatforms) = postSolution
		{4F35B49D-2E6E-4D28-8BFD-36F0C566ECBA}.Debug|Any CPU.ActiveCfg = Debug|Any CPU
		{4F35B49D-2E6E-4D28-8BFD-36F0C566ECBA}.Debug|Any CPU.Build.0 = Debug|Any CPU
		{4F35B49D-2E6E-4D28-8BFD-36F0C566ECBA}.Release|Any CPU.ActiveCfg = Release|Any CPU
		{4F35B49D-2E6E-4D28-8BFD-36F0C566ECBA}.Release|Any CPU.Build.0 = Release|Any CPU
	EndGlobalSection
	GlobalSection(SolutionProperties) = preSolution
		HideSolutionNode = FALSE
	EndGlobalSection
	GlobalSection(ExtensibilityGlobals) = postSolution
		SolutionGuid = {C8111C71-7F3F-46DB-A2ED-234DE063E28B}
	EndGlobalSection
EndGlobal
